
Microsoft Visual Studio Solution File, Format Version 12.00
# Visual Studio Version 17
VisualStudioVersion = 17.11.35222.181
MinimumVisualStudioVersion = 10.0.40219.1
Project("{FAE04EC0-301F-11D3-BF4B-00C04F79EFBC}") = "PC120240219200255NAVARRO.API", "PC120240219200255NAVARRO.API\PC120240219200255NAVARRO.API.csproj", "{D16F3306-99FF-4B69-842C-85C3E3DEC526}"
EndProject
Project("{FAE04EC0-301F-11D3-BF4B-00C04F79EFBC}") = "PC120240219200255NAVARRO.DOMAIN", "PC120240219200255NAVARRO.DOMAIN\PC120240219200255NAVARRO.DOMAIN.csproj", "{140E59AC-4BA2-4259-8582-668CF2A3B252}"
EndProject
Global
	GlobalSection(SolutionConfigurationPlatforms) = preSolution
		Debug|Any CPU = Debug|Any CPU
		Release|Any CPU = Release|Any CPU
	EndGlobalSection
	GlobalSection(ProjectConfigurationPlatforms) = postSolution
		{D16F3306-99FF-4B69-842C-85C3E3DEC526}.Debug|Any CPU.ActiveCfg = Debug|Any CPU
		{D16F3306-99FF-4B69-842C-85C3E3DEC526}.Debug|Any CPU.Build.0 = Debug|Any CPU
		{D16F3306-99FF-4B69-842C-85C3E3DEC526}.Release|Any CPU.ActiveCfg = Release|Any CPU
		{D16F3306-99FF-4B69-842C-85C3E3DEC526}.Release|Any CPU.Build.0 = Release|Any CPU
		{140E59AC-4BA2-4259-8582-668CF2A3B252}.Debug|Any CPU.ActiveCfg = Debug|Any CPU
		{140E59AC-4BA2-4259-8582-668CF2A3B252}.Debug|Any CPU.Build.0 = Debug|Any CPU
		{140E59AC-4BA2-4259-8582-668CF2A3B252}.Release|Any CPU.ActiveCfg = Release|Any CPU
		{140E59AC-4BA2-4259-8582-668CF2A3B252}.Release|Any CPU.Build.0 = Release|Any CPU
	EndGlobalSection
	GlobalSection(SolutionProperties) = preSolution
		HideSolutionNode = FALSE
	EndGlobalSection
	GlobalSection(ExtensibilityGlobals) = postSolution
		SolutionGuid = {237DF3D9-B338-4585-98AB-1E775E688B95}
	EndGlobalSection
EndGlobal
